
Microsoft Visual Studio Solution File, Format Version 12.00
# Visual Studio 14
VisualStudioVersion = 14.0.25420.1
MinimumVisualStudioVersion = 10.0.40219.1
Project("{8BC9CEB8-8B4A-11D0-8D11-00A0C91BC942}") = "GLComputeShader", "GLComputeShader\GLComputeShader.vcxproj", "{AB9DCC3D-5986-4415-BEF8-8A17CBA2F352}"
EndProject
Project("{8BC9CEB8-8B4A-11D0-8D11-00A0C91BC942}") = "CLCopyBack", "CLCopyBack\CLCopyBack.vcxproj", "{EF28C20B-3A77-4147-B1E5-467338F5CE5E}"
EndProject
Project("{8BC9CEB8-8B4A-11D0-8D11-00A0C91BC942}") = "WinThread", "WinThread\WinThread.vcxproj", "{654F78F9-61C2-407E-B277-1A42C1E3D124}"
EndProject
Project("{8BC9CEB8-8B4A-11D0-8D11-00A0C91BC942}") = "GLRender", "GLRender\GLRender.vcxproj", "{F7A011A0-97E7-44A7-8B54-E1671886EDD9}"
EndProject
Global
	GlobalSection(SolutionConfigurationPlatforms) = preSolution
		Debug|x64 = Debug|x64
		Debug|x86 = Debug|x86
		Release|x64 = Release|x64
		Release|x86 = Release|x86
	EndGlobalSection
	GlobalSection(ProjectConfigurationPlatforms) = postSolution
		{AB9DCC3D-5986-4415-BEF8-8A17CBA2F352}.Debug|x64.ActiveCfg = Debug|x64
		{AB9DCC3D-5986-4415-BEF8-8A17CBA2F352}.Debug|x64.Build.0 = Debug|x64
		{AB9DCC3D-5986-4415-BEF8-8A17CBA2F352}.Debug|x86.ActiveCfg = Debug|Win32
		{AB9DCC3D-5986-4415-BEF8-8A17CBA2F352}.Debug|x86.Build.0 = Debug|Win32
		{AB9DCC3D-5986-4415-BEF8-8A17CBA2F352}.Release|x64.ActiveCfg = Release|x64
		{AB9DCC3D-5986-4415-BEF8-8A17CBA2F352}.Release|x64.Build.0 = Release|x64
		{AB9DCC3D-5986-4415-BEF8-8A17CBA2F352}.Release|x86.ActiveCfg = Release|Win32
		{AB9DCC3D-5986-4415-BEF8-8A17CBA2F352}.Release|x86.Build.0 = Release|Win32
		{EF28C20B-3A77-4147-B1E5-467338F5CE5E}.Debug|x64.ActiveCfg = Debug|x64
		{EF28C20B-3A77-4147-B1E5-467338F5CE5E}.Debug|x64.Build.0 = Debug|x64
		{EF28C20B-3A77-4147-B1E5-467338F5CE5E}.Debug|x86.ActiveCfg = Debug|Win32
		{EF28C20B-3A77-4147-B1E5-467338F5CE5E}.Debug|x86.Build.0 = Debug|Win32
		{EF28C20B-3A77-4147-B1E5-467338F5CE5E}.Release|x64.ActiveCfg = Release|x64
		{EF28C20B-3A77-4147-B1E5-467338F5CE5E}.Release|x64.Build.0 = Release|x64
		{EF28C20B-3A77-4147-B1E5-467338F5CE5E}.Release|x86.ActiveCfg = Release|Win32
		{EF28C20B-3A77-4147-B1E5-467338F5CE5E}.Release|x86.Build.0 = Release|Win32
		{654F78F9-61C2-407E-B277-1A42C1E3D124}.Debug|x64.ActiveCfg = Debug|x64
		{654F78F9-61C2-407E-B277-1A42C1E3D124}.Debug|x64.Build.0 = Debug|x64
		{654F78F9-61C2-407E-B277-1A42C1E3D124}.Debug|x86.ActiveCfg = Debug|Win32
		{654F78F9-61C2-407E-B277-1A42C1E3D124}.Debug|x86.Build.0 = Debug|Win32
		{654F78F9-61C2-407E-B277-1A42C1E3D124}.Release|x64.ActiveCfg = Release|x64
		{654F78F9-61C2-407E-B277-1A42C1E3D124}.Release|x64.Build.0 = Release|x64
		{654F78F9-61C2-407E-B277-1A42C1E3D124}.Release|x86.ActiveCfg = Release|Win32
		{654F78F9-61C2-407E-B277-1A42C1E3D124}.Release|x86.Build.0 = Release|Win32
		{F7A011A0-97E7-44A7-8B54-E1671886EDD9}.Debug|x64.ActiveCfg = Debug|x64
		{F7A011A0-97E7-44A7-8B54-E1671886EDD9}.Debug|x64.Build.0 = Debug|x64
		{F7A011A0-97E7-44A7-8B54-E1671886EDD9}.Debug|x86.ActiveCfg = Debug|Win32
		{F7A011A0-97E7-44A7-8B54-E1671886EDD9}.Debug|x86.Build.0 = Debug|Win32
		{F7A011A0-97E7-44A7-8B54-E1671886EDD9}.Release|x64.ActiveCfg = Release|x64
		{F7A011A0-97E7-44A7-8B54-E1671886EDD9}.Release|x64.Build.0 = Release|x64
		{F7A011A0-97E7-44A7-8B54-E1671886EDD9}.Release|x86.ActiveCfg = Release|Win32
		{F7A011A0-97E7-44A7-8B54-E1671886EDD9}.Release|x86.Build.0 = Release|Win32
	EndGlobalSection
	GlobalSection(SolutionProperties) = preSolution
		HideSolutionNode = FALSE
	EndGlobalSection
EndGlobal
